GEM
  remote: https://rubygems.org/
  specs:
    erubi (1.13.1)
    rake (13.3.1)

PLATFORMS
  arm64-darwin-23
  ruby

DEPENDENCIES
  erubi
  rake

CHECKSUMS
  erubi (1.13.1) sha256=a082103b0885dbc5ecf1172fede897f9ebdb745a4b97a5e8dc63953db1ee4ad9
  rake (13.3.1) sha256=8c9e89d09f66a26a01264e7e3480ec0607f0c497a861ef16063604b1b08eb19c

RUBY VERSION
  ruby 4.0.1

BUNDLED WITH
  4.0.3
